// !$*UTF8*$!
{
	archiveVersion = 1;
	classes = {
	};
	objectVersion = 46;
	objects = {

/* Begin PBXBuildFile section */
		87557F291C24423C001589A4 /* main.m in Sources */ = {isa = PBXBuildFile; fileRef = 87557F281C24423C001589A4 /* main.m */; };
/* End PBXBuildFile section */

/* Begin PBXCopyFilesBuildPhase section */
		87557F231C24423C001589A4 /* CopyFiles */ = {
			isa = PBXCopyFilesBuildPhase;
			buildActionMask = 2147483647;
			dstPath = /usr/share/man/man1/;
			dstSubfolderSpec = 0;
			files = (
			);
			runOnlyForDeploymentPostprocessing = 1;
		};
/* End PBXCopyFilesBuildPhase section */

/* Begin PBXFileReference section */
		87557F251C24423C001589A4 /* XcodePluginUpgradeCompatible-LFL */ = {isa = PBXFileReference; explicitFileType = "compiled.mach-o.executable"; includeInIndex = 0; path = "XcodePluginUpgradeCompatible-LFL"; sourceTree = BUILT_PRODUCTS_DIR; };
		87557F281C24423C001589A4 /* main.m */ = {isa = PBXFileReference; lastKnownFileType = sourcecode.c.objc; path = main.m; sourceTree = "<group>"; };
/* End PBXFileReference section */

/* Begin PBXFrameworksBuildPhase section */
		87557F221C24423C001589A4 /* Frameworks */ = {
			isa = PBXFrameworksBuildPhase;
			buildActionMask = 2147483647;
			files = (
			);
			runOnlyForDeploymentPostprocessing = 0;
		};
/* End PBXFrameworksBuildPhase section */

/* Begin PBXGroup section */
		87557F1C1C24423C001589A4 = {
			isa = PBXGroup;
			children = (
				87557F271C24423C001589A4 /* XcodePluginUpgradeCompatible-LFL */,
				87557F261C24423C001589A4 /* Products */,
			);
			sourceTree = "<group>";
		};
		87557F261C24423C001589A4 /* Products */ = {
			isa = PBXGroup;
			children = (
				87557F251C24423C001589A4 /* XcodePluginUpgradeCompatible-LFL */,
			);
			name = Products;
			sourceTree = "<group>";
		};
		87557F271C24423C001589A4 /* XcodePluginUpgradeCompatible-LFL */ = {
			isa = PBXGroup;
			children = (
				87557F281C24423C001589A4 /* main.m */,
			);
			path = "XcodePluginUpgradeCompatible-LFL";
			sourceTree = "<group>";
		};
/* End PBXGroup section */

/* Begin PBXNativeTarget section */
		87557F241C24423C001589A4 /* XcodePluginUpgradeCompatible-LFL */ = {
			isa = PBXNativeTarget;
			buildConfigurationList = 87557F2C1C24423C001589A4 /* Build configuration list for PBXNativeTarget "XcodePluginUpgradeCompatible-LFL" */;
			buildPhases = (
				87557F211C24423C001589A4 /* Sources */,
				87557F221C24423C001589A4 /* Frameworks */,
				87557F231C24423C001589A4 /* CopyFiles */,
			);
			buildRules = (
			);
			dependencies = (
			);
			name = "XcodePluginUpgradeCompatible-LFL";
			productName = "XcodePluginUpgradeCompatible-LFL";
			productReference = 87557F251C24423C001589A4 /* XcodePluginUpgradeCompatible-LFL */;
			productType = "com.apple.product-type.tool";
		};
/* End PBXNativeTarget section */

/* Begin PBXProject section */
		87557F1D1C24423C001589A4 /* Project object */ = {
			isa = PBXProject;
			attributes = {
				LastUpgradeCheck = 0720;
				ORGANIZATIONNAME = DragonLi;
				TargetAttributes = {
					87557F241C24423C001589A4 = {
						CreatedOnToolsVersion = 7.2;
					};
				};
			};
			buildConfigurationList = 87557F201C24423C001589A4 /* Build configuration list for PBXProject "XcodePluginUpgradeCompatible-LFL" */;
			compatibilityVersion = "Xcode 3.2";
			developmentRegion = English;
			hasScannedForEncodings = 0;
			knownRegions = (
				en,
			);
			mainGroup = 87557F1C1C24423C001589A4;
			productRefGroup = 87557F261C24423C001589A4 /* Products */;
			projectDirPath = "";
			projectRoot = "";
			targets = (
				87557F241C24423C001589A4 /* XcodePluginUpgradeCompatible-LFL */,
			);
		};
/* End PBXProject section */

/* Begin PBXSourcesBuildPhase section */
		87557F211C24423C001589A4 /* Sources */ = {
			isa = PBXSourcesBuildPhase;
			buildActionMask = 2147483647;
			files = (
				87557F291C24423C001589A4 /* main.m in Sources */,
			);
			runOnlyForDeploymentPostprocessing = 0;
		};
/* End PBXSourcesBuildPhase section */

/* Begin XCBuildConfiguration section */
		87557F2A1C24423C001589A4 /* Debug */ = {
			isa = XCBuildConfiguration;
			buildSettings = {
				ALWAYS_SEARCH_USER_PATHS = NO;
				CLANG_CXX_LANGUAGE_STANDARD = "gnu++0x";
				CLANG_CXX_LIBRARY = "libc++";
				CLANG_ENABLE_MODULES = YES;
				CLANG_ENABLE_OBJC_ARC = YES;
				CLANG_WARN_BOOL_CONVERSION = YES;
				CLANG_WARN_CONSTANT_CONVERSION = YES;
				CLANG_WARN_DIRECT_OBJC_ISA_USAGE = YES_ERROR;
				CLANG_WARN_EMPTY_BODY = YES;
				CLANG_WARN_ENUM_CONVERSION = YES;
				CLANG_WARN_INT_CONVERSION = YES;
				CLANG_WARN_OBJC_ROOT_CLASS = YES_ERROR;
				CLANG_WARN_UNREACHABLE_CODE = YES;
				CLANG_WARN__DUPLICATE_METHOD_MATCH = YES;
				CODE_SIGN_IDENTITY = "-";
				COPY_PHASE_STRIP = NO;
				DEBUG_INFORMATION_FORMAT = dwarf;
				ENABLE_STRICT_OBJC_MSGSEND = YES;
				ENABLE_TESTABILITY = YES;
				GCC_C_LANGUAGE_STANDARD = gnu99;
				GCC_DYNAMIC_NO_PIC = NO;
				GCC_NO_COMMON_BLOCKS = YES;
				GCC_OPTIMIZATION_LEVEL = 0;
				GCC_PREPROCESSOR_DEFINITIONS = (
					"DEBUG=1",
					"$(inherited)",
				);
				GCC_WARN_64_TO_32_BIT_CONVERSION = YES;
				GCC_WARN_ABOUT_RETURN_TYPE = YES_ERROR;
				GCC_WARN_UNDECLARED_SELECTOR = YES;
				GCC_WARN_UNINITIALIZED_AUTOS = YES_AGGRESSIVE;
				GCC_WARN_UNUSED_FUNCTION = YES;
				GCC_WARN_UNUSED_VARIABLE = YES;
				MACOSX_DEPLOYMENT_TARGET = 10.10;
				MTL_ENABLE_DEBUG_INFO = YES;
				ONLY_ACTIVE_ARCH = YES;
				SDKROOT = macosx;
			};
			name = Debug;
		};
		87557F2B1C24423C001589A4 /* Release */ = {
			isa = XCBuildConfiguration;
			buildSettings = {
				ALWAYS_SEARCH_USER_PATHS = NO;
				CLANG_CXX_LANGUAGE_STANDARD = "gnu++0x";
				CLANG_CXX_LIBRARY = "libc++";
				CLANG_ENABLE_MODULES = YES;
				CLANG_ENABLE_OBJC_ARC = YES;
				CLANG_WARN_BOOL_CONVERSION = YES;
				CLANG_WARN_CONSTANT_CONVERSION = YES;
				CLANG_WARN_DIRECT_OBJC_ISA_USAGE = YES_ERROR;
				CLANG_WARN_EMPTY_BODY = YES;
				CLANG_WARN_ENUM_CONVERSION = YES;
				CLANG_WARN_INT_CONVERSION = YES;
				CLANG_WARN_OBJC_ROOT_CLASS = YES_ERROR;
				CLANG_WARN_UNREACHABLE_CODE = YES;
				CLANG_WARN__DUPLICATE_METHOD_MATCH = YES;
				CODE_SIGN_IDENTITY = "-";
				COPY_PHASE_STRIP = NO;
				DEBUG_INFORMATION_FORMAT = "dwarf-with-dsym";
				ENABLE_NS_ASSERTIONS = NO;
				ENABLE_STRICT_OBJC_MSGSEND = YES;
				GCC_C_LANGUAGE_STANDARD = gnu99;
				GCC_NO_COMMON_BLOCKS = YES;
				GCC_WARN_64_TO_32_BIT_CONVERSION = YES;
				GCC_WARN_ABOUT_RETURN_TYPE = YES_ERROR;
				GCC_WARN_UNDECLARED_SELECTOR = YES;
				GCC_WARN_UNINITIALIZED_AUTOS = YES_AGGRESSIVE;
				GCC_WARN_UNUSED_FUNCTION = YES;
				GCC_WARN_UNUSED_VARIABLE = YES;
				MACOSX_DEPLOYMENT_TARGET = 10.10;
				MTL_ENABLE_DEBUG_INFO = NO;
				SDKROOT = macosx;
			};
			name = Release;
		};
		87557F2D1C24423C001589A4 /* Debug */ = {
			isa = XCBuildConfiguration;
			buildSettings = {
				PRODUCT_NAME = "$(TARGET_NAME)";
			};
			name = Debug;
		};
		87557F2E1C24423C001589A4 /* Release */ = {
			isa = XCBuildConfiguration;
			buildSettings = {
				PRODUCT_NAME = "$(TARGET_NAME)";
			};
			name = Release;
		};
/* End XCBuildConfiguration section */

/* Begin XCConfigurationList section */
		87557F201C24423C001589A4 /* Build configuration list for PBXProject "XcodePluginUpgradeCompatible-LFL" */ = {
			isa = XCConfigurationList;
			buildConfigurations = (
				87557F2A1C24423C001589A4 /* Debug */,
				87557F2B1C24423C001589A4 /* Release */,
			);
			defaultConfigurationIsVisible = 0;
			defaultConfigurationName = Release;
		};
		87557F2C1C24423C001589A4 /* Build configuration list for PBXNativeTarget "XcodePluginUpgradeCompatible-LFL" */ = {
			isa = XCConfigurationList;
			buildConfigurations = (
				87557F2D1C24423C001589A4 /* Debug */,
				87557F2E1C24423C001589A4 /* Release */,
			);
			defaultConfigurationIsVisible = 0;
		};
/* End XCConfigurationList section */
	};
	rootObject = 87557F1D1C24423C001589A4 /* Project object */;
}
